
Microsoft Visual Studio Solution File, Format Version 10.00
# Visual Studio 2008
Project("{FAE04EC0-301F-11D3-BF4B-00C04F79EFBC}") = "Core", "Core\Core.csproj", "{BB2604C2-BBB7-4CF2-9CEB-8F2D589A31CA}"
EndProject
Project("{FAE04EC0-301F-11D3-BF4B-00C04F79EFBC}") = "Tests", "Tests\Tests.csproj", "{74E1A659-C503-4878-9886-92FAE9BF1A7C}"
EndProject
Global
	GlobalSection(SolutionConfigurationPlatforms) = preSolution
		Debug|Any CPU = Debug|Any CPU
		Release|Any CPU = Release|Any CPU
	EndGlobalSection
	GlobalSection(ProjectConfigurationPlatforms) = postSolution
		{BB2604C2-BBB7-4CF2-9CEB-8F2D589A31CA}.Debug|Any CPU.ActiveCfg = Debug|Any CPU
		{BB2604C2-BBB7-4CF2-9CEB-8F2D589A31CA}.Debug|Any CPU.Build.0 = Debug|Any CPU
		{BB2604C2-BBB7-4CF2-9CEB-8F2D589A31CA}.Release|Any CPU.ActiveCfg = Release|Any CPU
		{BB2604C2-BBB7-4CF2-9CEB-8F2D589A31CA}.Release|Any CPU.Build.0 = Release|Any CPU
		{74E1A659-C503-4878-9886-92FAE9BF1A7C}.Debug|Any CPU.ActiveCfg = Debug|Any CPU
		{74E1A659-C503-4878-9886-92FAE9BF1A7C}.Debug|Any CPU.Build.0 = Debug|Any CPU
		{74E1A659-C503-4878-9886-92FAE9BF1A7C}.Release|Any CPU.ActiveCfg = Release|Any CPU
		{74E1A659-C503-4878-9886-92FAE9BF1A7C}.Release|Any CPU.Build.0 = Release|Any CPU
	EndGlobalSection
	GlobalSection(SolutionProperties) = preSolution
		HideSolutionNode = FALSE
	EndGlobalSection
EndGlobal
